
Microsoft Visual Studio Solution File, Format Version 12.00
# Visual Studio Version 16
VisualStudioVersion = 25.0.1705.5
MinimumVisualStudioVersion = 10.0.40219.1
Project("{FAE04EC0-301F-11D3-BF4B-00C04F79EFBC}") = "TestAPI", "TestAPI\TestAPI.csproj", "{0966E0AD-D5BA-45AC-B076-06A260FEDC4A}"
EndProject
Global
	GlobalSection(SolutionConfigurationPlatforms) = preSolution
		Debug|Any CPU = Debug|Any CPU
		Release|Any CPU = Release|Any CPU
	EndGlobalSection
	GlobalSection(ProjectConfigurationPlatforms) = postSolution
		{0966E0AD-D5BA-45AC-B076-06A260FEDC4A}.Debug|Any CPU.ActiveCfg = Debug|Any CPU
		{0966E0AD-D5BA-45AC-B076-06A260FEDC4A}.Debug|Any CPU.Build.0 = Debug|Any CPU
		{0966E0AD-D5BA-45AC-B076-06A260FEDC4A}.Release|Any CPU.ActiveCfg = Release|Any CPU
		{0966E0AD-D5BA-45AC-B076-06A260FEDC4A}.Release|Any CPU.Build.0 = Release|Any CPU
	EndGlobalSection
	GlobalSection(SolutionProperties) = preSolution
		HideSolutionNode = FALSE
	EndGlobalSection
	GlobalSection(ExtensibilityGlobals) = postSolution
		SolutionGuid = {7D8617CB-3FA1-4A91-8030-8A477C55FA36}
	EndGlobalSection
EndGlobal
